# This file is automatically @generated by Cargo.
# It is not intended for manual editing.
version = 4

[[package]]
name = "add"
version = "0.1.0"

[[package]]
name = "amm_swap"
version = "0.1.0"

[[package]]
name = "factorial"
version = "0.1.0"

[[package]]
name = "fibonacci"
version = "0.1.0"

[[package]]
name = "gcd"
version = "0.1.0"

[[package]]
name = "modexp"
version = "0.1.0"

[[package]]
name = "mul"
version = "0.1.0"

[[package]]
name = "voting_power"
version = "0.1.0"
